
Microsoft Visual Studio Solution File, Format Version 12.00
# Visual Studio Version 17
VisualStudioVersion = 17.0.31903.59
MinimumVisualStudioVersion = 10.0.40219.1
Project("{FAE04EC0-301F-11D3-BF4B-00C04F79EFBC}") = "GamingLibrary.Contracts", "GamingLibrary.Contracts\GamingLibrary.Contracts.csproj", "{A44296D0-D91F-44BA-8CAA-C04391E30D42}"
EndProject
Project("{FAE04EC0-301F-11D3-BF4B-00C04F79EFBC}") = "GamingLibrary", "GamingLibrary\GamingLibrary.csproj", "{B805A0FB-E604-4D75-BC7E-8ED617CF669C}"
EndProject
Global
	GlobalSection(SolutionConfigurationPlatforms) = preSolution
		Debug|Any CPU = Debug|Any CPU
		Release|Any CPU = Release|Any CPU
	EndGlobalSection
	GlobalSection(SolutionProperties) = preSolution
		HideSolutionNode = FALSE
	EndGlobalSection
	GlobalSection(ProjectConfigurationPlatforms) = postSolution
		{A44296D0-D91F-44BA-8CAA-C04391E30D42}.Debug|Any CPU.ActiveCfg = Debug|Any CPU
		{A44296D0-D91F-44BA-8CAA-C04391E30D42}.Debug|Any CPU.Build.0 = Debug|Any CPU
		{A44296D0-D91F-44BA-8CAA-C04391E30D42}.Release|Any CPU.ActiveCfg = Release|Any CPU
		{A44296D0-D91F-44BA-8CAA-C04391E30D42}.Release|Any CPU.Build.0 = Release|Any CPU
		{B805A0FB-E604-4D75-BC7E-8ED617CF669C}.Debug|Any CPU.ActiveCfg = Debug|Any CPU
		{B805A0FB-E604-4D75-BC7E-8ED617CF669C}.Debug|Any CPU.Build.0 = Debug|Any CPU
		{B805A0FB-E604-4D75-BC7E-8ED617CF669C}.Release|Any CPU.ActiveCfg = Release|Any CPU
		{B805A0FB-E604-4D75-BC7E-8ED617CF669C}.Release|Any CPU.Build.0 = Release|Any CPU
	EndGlobalSection
EndGlobal
